
Microsoft Visual Studio Solution File, Format Version 12.00
# Visual Studio Version 17
VisualStudioVersion = 17.6.33723.286
MinimumVisualStudioVersion = 10.0.40219.1
Project("{FAE04EC0-301F-11D3-BF4B-00C04F79EFBC}") = "FirstDeploy", "FirstDeploy.csproj", "{090BD1B4-3486-4407-A72B-63F11F099DCB}"
EndProject
Global
	GlobalSection(SolutionConfigurationPlatforms) = preSolution
		Debug|Any CPU = Debug|Any CPU
		Release|Any CPU = Release|Any CPU
	EndGlobalSection
	GlobalSection(ProjectConfigurationPlatforms) = postSolution
		{090BD1B4-3486-4407-A72B-63F11F099DCB}.Debug|Any CPU.ActiveCfg = Debug|Any CPU
		{090BD1B4-3486-4407-A72B-63F11F099DCB}.Debug|Any CPU.Build.0 = Debug|Any CPU
		{090BD1B4-3486-4407-A72B-63F11F099DCB}.Release|Any CPU.ActiveCfg = Release|Any CPU
		{090BD1B4-3486-4407-A72B-63F11F099DCB}.Release|Any CPU.Build.0 = Release|Any CPU
	EndGlobalSection
	GlobalSection(SolutionProperties) = preSolution
		HideSolutionNode = FALSE
	EndGlobalSection
	GlobalSection(ExtensibilityGlobals) = postSolution
		SolutionGuid = {8454130A-FFEB-4731-AFC3-534A9BAAE85D}
	EndGlobalSection
EndGlobal
